
Microsoft Visual Studio Solution File, Format Version 12.00
# Visual Studio Version 16
VisualStudioVersion = 16.0.28803.156
MinimumVisualStudioVersion = 10.0.40219.1
Project("{FAE04EC0-301F-11D3-BF4B-00C04F79EFBC}") = "WebApplication2", "WebApplication2\WebApplication2.csproj", "{9DC3C617-3568-4083-9FF3-CDC7F3C3C20D}"
EndProject
Global
	GlobalSection(SolutionConfigurationPlatforms) = preSolution
		Debug|Any CPU = Debug|Any CPU
		Release|Any CPU = Release|Any CPU
	EndGlobalSection
	GlobalSection(ProjectConfigurationPlatforms) = postSolution
		{9DC3C617-3568-4083-9FF3-CDC7F3C3C20D}.Debug|Any CPU.ActiveCfg = Debug|Any CPU
		{9DC3C617-3568-4083-9FF3-CDC7F3C3C20D}.Debug|Any CPU.Build.0 = Debug|Any CPU
		{9DC3C617-3568-4083-9FF3-CDC7F3C3C20D}.Release|Any CPU.ActiveCfg = Release|Any CPU
		{9DC3C617-3568-4083-9FF3-CDC7F3C3C20D}.Release|Any CPU.Build.0 = Release|Any CPU
	EndGlobalSection
	GlobalSection(SolutionProperties) = preSolution
		HideSolutionNode = FALSE
	EndGlobalSection
	GlobalSection(ExtensibilityGlobals) = postSolution
		SolutionGuid = {1DD34E03-6069-461C-9DFD-1A006A2B9717}
	EndGlobalSection
EndGlobal
