
Microsoft Visual Studio Solution File, Format Version 12.00
# Visual Studio Version 16
VisualStudioVersion = 16.0.28803.156
MinimumVisualStudioVersion = 10.0.40219.1
Project("{FAE04EC0-301F-11D3-BF4B-00C04F79EFBC}") = "DefaultWebApp", "DefaultWebApp\DefaultWebApp.csproj", "{53CF9653-D409-4201-A724-66B2F7FC5DBF}"
EndProject
Global
	GlobalSection(SolutionConfigurationPlatforms) = preSolution
		Debug|Any CPU = Debug|Any CPU
		Release|Any CPU = Release|Any CPU
	EndGlobalSection
	GlobalSection(ProjectConfigurationPlatforms) = postSolution
		{53CF9653-D409-4201-A724-66B2F7FC5DBF}.Debug|Any CPU.ActiveCfg = Debug|Any CPU
		{53CF9653-D409-4201-A724-66B2F7FC5DBF}.Debug|Any CPU.Build.0 = Debug|Any CPU
		{53CF9653-D409-4201-A724-66B2F7FC5DBF}.Release|Any CPU.ActiveCfg = Release|Any CPU
		{53CF9653-D409-4201-A724-66B2F7FC5DBF}.Release|Any CPU.Build.0 = Release|Any CPU
	EndGlobalSection
	GlobalSection(SolutionProperties) = preSolution
		HideSolutionNode = FALSE
	EndGlobalSection
	GlobalSection(ExtensibilityGlobals) = postSolution
		SolutionGuid = {E2F754AC-AD71-4BBB-83C2-32C4B6AA35E3}
	EndGlobalSection
EndGlobal
